# This file is automatically @generated by Cargo.
# It is not intended for manual editing.
[[package]]
name = "repoutil"
version = "0.12.0"
dependencies = [
 "shellexpand 1.0.0 (registry+https://github.com/rust-lang/crates.io-index)",
]

[[package]]
name = "shellexpand"
version = "1.0.0"
source = "registry+https://github.com/rust-lang/crates.io-index"

[metadata]
"checksum shellexpand 1.0.0 (registry+https://github.com/rust-lang/crates.io-index)" = "de7a5b5a9142fd278a10e0209b021a1b85849352e6951f4f914735c976737564"
