# This file is automatically @generated by Cargo.
# It is not intended for manual editing.
[[package]]
name = "anyhow"
version = "1.0.26"
source = "registry+https://github.com/rust-lang/crates.io-index"

[[package]]
name = "repoutil"
version = "0.16.1"
dependencies = [
 "anyhow 1.0.26 (registry+https://github.com/rust-lang/crates.io-index)",
 "shellexpand 1.0.0 (registry+https://github.com/rust-lang/crates.io-index)",
]

[[package]]
name = "shellexpand"
version = "1.0.0"
source = "registry+https://github.com/rust-lang/crates.io-index"

[metadata]
"checksum anyhow 1.0.26 (registry+https://github.com/rust-lang/crates.io-index)" = "7825f6833612eb2414095684fcf6c635becf3ce97fe48cf6421321e93bfbd53c"
"checksum shellexpand 1.0.0 (registry+https://github.com/rust-lang/crates.io-index)" = "de7a5b5a9142fd278a10e0209b021a1b85849352e6951f4f914735c976737564"
